# This file is automatically @generated by Poetry 2.1.3 and should not be changed by hand.

[[package]]
name = "file-work"
version = "0.1.0"
description = ""
optional = false
python-versions = ">=3.13"
groups = ["main"]
files = []
develop = true

[package.source]
type = "directory"
url = "file-work"

[metadata]
lock-version = "2.1"
python-versions = ">=3.13"
content-hash = "1b34f87169eabca373a5d313a6253810260b30c7454627e6898ff48fad361209"
