# This file is automatically @generated by Poetry 2.1.3 and should not be changed by hand.

[[package]]
name = "file-work"
version = "0.1.0"
description = ""
optional = false
python-versions = ">=3.13"
groups = ["main"]
files = []
develop = true

[package.extras]
csv = []

[package.source]
type = "directory"
url = "file-work"

[[package]]
name = "log-manager"
version = "0.1.0"
description = ""
optional = false
python-versions = ">=3.13"
groups = ["main"]
files = []
develop = true

[package.source]
type = "directory"
url = "log-manager"

[metadata]
lock-version = "2.1"
python-versions = ">=3.13"
content-hash = "1c1772de4e119fb1fede1dbbea5cbf2decf11b2fd466bb11afca2b3c2d2f51b2"
